
Microsoft Visual Studio Solution File, Format Version 12.00
# Visual Studio 15
VisualStudioVersion = 15.0.28307.1500
MinimumVisualStudioVersion = 10.0.40219.1
Project("{8BC9CEB8-8B4A-11D0-8D11-00A0C91BC942}") = "HOMEWORK_TONG_BINH_PHUONG_LE", "HOMEWORK_TONG_BINH_PHUONG_LE\HOMEWORK_TONG_BINH_PHUONG_LE.vcxproj", "{E14D26A9-3F6D-4DCC-B24C-7F21901AD5D0}"
EndProject
Global
	GlobalSection(SolutionConfigurationPlatforms) = preSolution
		Debug|x64 = Debug|x64
		Debug|x86 = Debug|x86
		Release|x64 = Release|x64
		Release|x86 = Release|x86
	EndGlobalSection
	GlobalSection(ProjectConfigurationPlatforms) = postSolution
		{E14D26A9-3F6D-4DCC-B24C-7F21901AD5D0}.Debug|x64.ActiveCfg = Debug|x64
		{E14D26A9-3F6D-4DCC-B24C-7F21901AD5D0}.Debug|x64.Build.0 = Debug|x64
		{E14D26A9-3F6D-4DCC-B24C-7F21901AD5D0}.Debug|x86.ActiveCfg = Debug|Win32
		{E14D26A9-3F6D-4DCC-B24C-7F21901AD5D0}.Debug|x86.Build.0 = Debug|Win32
		{E14D26A9-3F6D-4DCC-B24C-7F21901AD5D0}.Release|x64.ActiveCfg = Release|x64
		{E14D26A9-3F6D-4DCC-B24C-7F21901AD5D0}.Release|x64.Build.0 = Release|x64
		{E14D26A9-3F6D-4DCC-B24C-7F21901AD5D0}.Release|x86.ActiveCfg = Release|Win32
		{E14D26A9-3F6D-4DCC-B24C-7F21901AD5D0}.Release|x86.Build.0 = Release|Win32
	EndGlobalSection
	GlobalSection(SolutionProperties) = preSolution
		HideSolutionNode = FALSE
	EndGlobalSection
	GlobalSection(ExtensibilityGlobals) = postSolution
		SolutionGuid = {F4D9385D-C926-4AB9-8355-CFBE2B471540}
	EndGlobalSection
EndGlobal
