
Microsoft Visual Studio Solution File, Format Version 12.00
# Visual Studio 15
VisualStudioVersion = 15.0.28307.1500
MinimumVisualStudioVersion = 10.0.40219.1
Project("{8BC9CEB8-8B4A-11D0-8D11-00A0C91BC942}") = "HOMEWORK_USCLN_BSCNN", "HOMEWORK_USCLN_BSCNN\HOMEWORK_USCLN_BSCNN.vcxproj", "{5C380322-14D0-459C-9CA8-8FE24A27952B}"
EndProject
Global
	GlobalSection(SolutionConfigurationPlatforms) = preSolution
		Debug|x64 = Debug|x64
		Debug|x86 = Debug|x86
		Release|x64 = Release|x64
		Release|x86 = Release|x86
	EndGlobalSection
	GlobalSection(ProjectConfigurationPlatforms) = postSolution
		{5C380322-14D0-459C-9CA8-8FE24A27952B}.Debug|x64.ActiveCfg = Debug|x64
		{5C380322-14D0-459C-9CA8-8FE24A27952B}.Debug|x64.Build.0 = Debug|x64
		{5C380322-14D0-459C-9CA8-8FE24A27952B}.Debug|x86.ActiveCfg = Debug|Win32
		{5C380322-14D0-459C-9CA8-8FE24A27952B}.Debug|x86.Build.0 = Debug|Win32
		{5C380322-14D0-459C-9CA8-8FE24A27952B}.Release|x64.ActiveCfg = Release|x64
		{5C380322-14D0-459C-9CA8-8FE24A27952B}.Release|x64.Build.0 = Release|x64
		{5C380322-14D0-459C-9CA8-8FE24A27952B}.Release|x86.ActiveCfg = Release|Win32
		{5C380322-14D0-459C-9CA8-8FE24A27952B}.Release|x86.Build.0 = Release|Win32
	EndGlobalSection
	GlobalSection(SolutionProperties) = preSolution
		HideSolutionNode = FALSE
	EndGlobalSection
	GlobalSection(ExtensibilityGlobals) = postSolution
		SolutionGuid = {1680E815-401A-4FB2-B82D-C8A526E3B562}
	EndGlobalSection
EndGlobal
